
Microsoft Visual Studio Solution File, Format Version 12.00
# Visual Studio 15
VisualStudioVersion = 15.0.27130.2036
MinimumVisualStudioVersion = 10.0.40219.1
Project("{FAE04EC0-301F-11D3-BF4B-00C04F79EFBC}") = "RecyclerViewForms.Android", "RecyclerViewForms\RecyclerViewForms.Android\RecyclerViewForms.Android.csproj", "{DE4FF57A-BE9B-4BDA-BF4D-35374D2BB5F0}"
EndProject
Project("{FAE04EC0-301F-11D3-BF4B-00C04F79EFBC}") = "RecyclerViewForms.iOS", "RecyclerViewForms\RecyclerViewForms.iOS\RecyclerViewForms.iOS.csproj", "{AF51F623-D927-4BD4-964D-A9072D742C6C}"
EndProject
Project("{9A19103F-16F7-4668-BE54-9A1E7A4F7556}") = "RecyclerViewForms", "RecyclerViewForms\RecyclerViewForms\RecyclerViewForms.csproj", "{31787E9D-0FF1-4707-A64C-89948D2FDBB4}"
EndProject
Project("{2150E333-8FDC-42A3-9474-1A3956D46DE8}") = "HowToUseStepByStep", "HowToUseStepByStep", "{2C1FC067-5A9B-4CCD-ADAA-1D21999667BF}"
	ProjectSection(SolutionItems) = preProject
		..\..\..\XampSharp\ReciclerView\Resources\file.png = ..\..\..\XampSharp\ReciclerView\Resources\file.png
		..\..\..\XampSharp\ReciclerView\Resources\Imagen1.png = ..\..\..\XampSharp\ReciclerView\Resources\Imagen1.png
		..\..\..\XampSharp\ReciclerView\Resources\Imagen10.png = ..\..\..\XampSharp\ReciclerView\Resources\Imagen10.png
		..\..\..\XampSharp\ReciclerView\Resources\Imagen11.png = ..\..\..\XampSharp\ReciclerView\Resources\Imagen11.png
		..\..\..\XampSharp\ReciclerView\Resources\Imagen12.png = ..\..\..\XampSharp\ReciclerView\Resources\Imagen12.png
		..\..\..\XampSharp\ReciclerView\Resources\Imagen13.png = ..\..\..\XampSharp\ReciclerView\Resources\Imagen13.png
		..\..\..\XampSharp\ReciclerView\Resources\Imagen14.png = ..\..\..\XampSharp\ReciclerView\Resources\Imagen14.png
		..\..\..\XampSharp\ReciclerView\Resources\Imagen15.png = ..\..\..\XampSharp\ReciclerView\Resources\Imagen15.png
		..\..\..\XampSharp\ReciclerView\Resources\Imagen16.png = ..\..\..\XampSharp\ReciclerView\Resources\Imagen16.png
		..\..\..\XampSharp\ReciclerView\Resources\Imagen17.png = ..\..\..\XampSharp\ReciclerView\Resources\Imagen17.png
		..\..\..\XampSharp\ReciclerView\Resources\Imagen18.png = ..\..\..\XampSharp\ReciclerView\Resources\Imagen18.png
		..\..\..\XampSharp\ReciclerView\Resources\Imagen19.png = ..\..\..\XampSharp\ReciclerView\Resources\Imagen19.png
		..\..\..\XampSharp\ReciclerView\Resources\Imagen2.png = ..\..\..\XampSharp\ReciclerView\Resources\Imagen2.png
		..\..\..\XampSharp\ReciclerView\Resources\Imagen20.png = ..\..\..\XampSharp\ReciclerView\Resources\Imagen20.png
		..\..\..\XampSharp\ReciclerView\Resources\Imagen21.png = ..\..\..\XampSharp\ReciclerView\Resources\Imagen21.png
		..\..\..\XampSharp\ReciclerView\Resources\Imagen22.png = ..\..\..\XampSharp\ReciclerView\Resources\Imagen22.png
		..\..\..\XampSharp\ReciclerView\Resources\Imagen23.png = ..\..\..\XampSharp\ReciclerView\Resources\Imagen23.png
		..\..\..\XampSharp\ReciclerView\Resources\Imagen24.png = ..\..\..\XampSharp\ReciclerView\Resources\Imagen24.png
		..\..\..\XampSharp\ReciclerView\Resources\Imagen25.png = ..\..\..\XampSharp\ReciclerView\Resources\Imagen25.png
		..\..\..\XampSharp\ReciclerView\Resources\Imagen26.png = ..\..\..\XampSharp\ReciclerView\Resources\Imagen26.png
		..\..\..\XampSharp\ReciclerView\Resources\Imagen4.png = ..\..\..\XampSharp\ReciclerView\Resources\Imagen4.png
		..\..\..\XampSharp\ReciclerView\Resources\Imagen5.png = ..\..\..\XampSharp\ReciclerView\Resources\Imagen5.png
		..\..\..\XampSharp\ReciclerView\Resources\Imagen6.png = ..\..\..\XampSharp\ReciclerView\Resources\Imagen6.png
		..\..\..\XampSharp\ReciclerView\Resources\Imagen7.png = ..\..\..\XampSharp\ReciclerView\Resources\Imagen7.png
		..\..\..\XampSharp\ReciclerView\Resources\Imagen8.png = ..\..\..\XampSharp\ReciclerView\Resources\Imagen8.png
		..\..\..\XampSharp\ReciclerView\Resources\Imagen9.png = ..\..\..\XampSharp\ReciclerView\Resources\Imagen9.png
		..\..\..\XampSharp\ReciclerView\Resources\Screenshot_2018-02-15-22-02-47.png = ..\..\..\XampSharp\ReciclerView\Resources\Screenshot_2018-02-15-22-02-47.png
	EndProjectSection
EndProject
Global
	GlobalSection(SolutionConfigurationPlatforms) = preSolution
		Ad-Hoc|Any CPU = Ad-Hoc|Any CPU
		Ad-Hoc|iPhone = Ad-Hoc|iPhone
		Ad-Hoc|iPhoneSimulator = Ad-Hoc|iPhoneSimulator
		AppStore|Any CPU = AppStore|Any CPU
		AppStore|iPhone = AppStore|iPhone
		AppStore|iPhoneSimulator = AppStore|iPhoneSimulator
		Debug|Any CPU = Debug|Any CPU
		Debug|iPhone = Debug|iPhone
		Debug|iPhoneSimulator = Debug|iPhoneSimulator
		Release|Any CPU = Release|Any CPU
		Release|iPhone = Release|iPhone
		Release|iPhoneSimulator = Release|iPhoneSimulator
	EndGlobalSection
	GlobalSection(ProjectConfigurationPlatforms) = postSolution
		{DE4FF57A-BE9B-4BDA-BF4D-35374D2BB5F0}.Ad-Hoc|Any CPU.ActiveCfg = Release|Any CPU
		{DE4FF57A-BE9B-4BDA-BF4D-35374D2BB5F0}.Ad-Hoc|Any CPU.Build.0 = Release|Any CPU
		{DE4FF57A-BE9B-4BDA-BF4D-35374D2BB5F0}.Ad-Hoc|Any CPU.Deploy.0 = Release|Any CPU
		{DE4FF57A-BE9B-4BDA-BF4D-35374D2BB5F0}.Ad-Hoc|iPhone.ActiveCfg = Release|Any CPU
		{DE4FF57A-BE9B-4BDA-BF4D-35374D2BB5F0}.Ad-Hoc|iPhone.Build.0 = Release|Any CPU
		{DE4FF57A-BE9B-4BDA-BF4D-35374D2BB5F0}.Ad-Hoc|iPhone.Deploy.0 = Release|Any CPU
		{DE4FF57A-BE9B-4BDA-BF4D-35374D2BB5F0}.Ad-Hoc|iPhoneSimulator.ActiveCfg = Release|Any CPU
		{DE4FF57A-BE9B-4BDA-BF4D-35374D2BB5F0}.Ad-Hoc|iPhoneSimulator.Build.0 = Release|Any CPU
		{DE4FF57A-BE9B-4BDA-BF4D-35374D2BB5F0}.Ad-Hoc|iPhoneSimulator.Deploy.0 = Release|Any CPU
		{DE4FF57A-BE9B-4BDA-BF4D-35374D2BB5F0}.AppStore|Any CPU.ActiveCfg = Release|Any CPU
		{DE4FF57A-BE9B-4BDA-BF4D-35374D2BB5F0}.AppStore|Any CPU.Build.0 = Release|Any CPU
		{DE4FF57A-BE9B-4BDA-BF4D-35374D2BB5F0}.AppStore|Any CPU.Deploy.0 = Release|Any CPU
		{DE4FF57A-BE9B-4BDA-BF4D-35374D2BB5F0}.AppStore|iPhone.ActiveCfg = Release|Any CPU
		{DE4FF57A-BE9B-4BDA-BF4D-35374D2BB5F0}.AppStore|iPhone.Build.0 = Release|Any CPU
		{DE4FF57A-BE9B-4BDA-BF4D-35374D2BB5F0}.AppStore|iPhone.Deploy.0 = Release|Any CPU
		{DE4FF57A-BE9B-4BDA-BF4D-35374D2BB5F0}.AppStore|iPhoneSimulator.ActiveCfg = Release|Any CPU
		{DE4FF57A-BE9B-4BDA-BF4D-35374D2BB5F0}.AppStore|iPhoneSimulator.Build.0 = Release|Any CPU
		{DE4FF57A-BE9B-4BDA-BF4D-35374D2BB5F0}.AppStore|iPhoneSimulator.Deploy.0 = Release|Any CPU
		{DE4FF57A-BE9B-4BDA-BF4D-35374D2BB5F0}.Debug|Any CPU.ActiveCfg = Debug|Any CPU
		{DE4FF57A-BE9B-4BDA-BF4D-35374D2BB5F0}.Debug|Any CPU.Build.0 = Debug|Any CPU
		{DE4FF57A-BE9B-4BDA-BF4D-35374D2BB5F0}.Debug|Any CPU.Deploy.0 = Debug|Any CPU
		{DE4FF57A-BE9B-4BDA-BF4D-35374D2BB5F0}.Debug|iPhone.ActiveCfg = Debug|Any CPU
		{DE4FF57A-BE9B-4BDA-BF4D-35374D2BB5F0}.Debug|iPhone.Build.0 = Debug|Any CPU
		{DE4FF57A-BE9B-4BDA-BF4D-35374D2BB5F0}.Debug|iPhone.Deploy.0 = Debug|Any CPU
		{DE4FF57A-BE9B-4BDA-BF4D-35374D2BB5F0}.Debug|iPhoneSimulator.ActiveCfg = Debug|Any CPU
		{DE4FF57A-BE9B-4BDA-BF4D-35374D2BB5F0}.Debug|iPhoneSimulator.Build.0 = Debug|Any CPU
		{DE4FF57A-BE9B-4BDA-BF4D-35374D2BB5F0}.Debug|iPhoneSimulator.Deploy.0 = Debug|Any CPU
		{DE4FF57A-BE9B-4BDA-BF4D-35374D2BB5F0}.Release|Any CPU.ActiveCfg = Release|Any CPU
		{DE4FF57A-BE9B-4BDA-BF4D-35374D2BB5F0}.Release|Any CPU.Build.0 = Release|Any CPU
		{DE4FF57A-BE9B-4BDA-BF4D-35374D2BB5F0}.Release|Any CPU.Deploy.0 = Release|Any CPU
		{DE4FF57A-BE9B-4BDA-BF4D-35374D2BB5F0}.Release|iPhone.ActiveCfg = Release|Any CPU
		{DE4FF57A-BE9B-4BDA-BF4D-35374D2BB5F0}.Release|iPhone.Build.0 = Release|Any CPU
		{DE4FF57A-BE9B-4BDA-BF4D-35374D2BB5F0}.Release|iPhone.Deploy.0 = Release|Any CPU
		{DE4FF57A-BE9B-4BDA-BF4D-35374D2BB5F0}.Release|iPhoneSimulator.ActiveCfg = Release|Any CPU
		{DE4FF57A-BE9B-4BDA-BF4D-35374D2BB5F0}.Release|iPhoneSimulator.Build.0 = Release|Any CPU
		{DE4FF57A-BE9B-4BDA-BF4D-35374D2BB5F0}.Release|iPhoneSimulator.Deploy.0 = Release|Any CPU
		{AF51F623-D927-4BD4-964D-A9072D742C6C}.Ad-Hoc|Any CPU.ActiveCfg = Ad-Hoc|iPhone
		{AF51F623-D927-4BD4-964D-A9072D742C6C}.Ad-Hoc|iPhone.ActiveCfg = Ad-Hoc|iPhone
		{AF51F623-D927-4BD4-964D-A9072D742C6C}.Ad-Hoc|iPhone.Build.0 = Ad-Hoc|iPhone
		{AF51F623-D927-4BD4-964D-A9072D742C6C}.Ad-Hoc|iPhoneSimulator.ActiveCfg = Ad-Hoc|iPhoneSimulator
		{AF51F623-D927-4BD4-964D-A9072D742C6C}.Ad-Hoc|iPhoneSimulator.Build.0 = Ad-Hoc|iPhoneSimulator
		{AF51F623-D927-4BD4-964D-A9072D742C6C}.AppStore|Any CPU.ActiveCfg = AppStore|iPhone
		{AF51F623-D927-4BD4-964D-A9072D742C6C}.AppStore|iPhone.ActiveCfg = AppStore|iPhone
		{AF51F623-D927-4BD4-964D-A9072D742C6C}.AppStore|iPhone.Build.0 = AppStore|iPhone
		{AF51F623-D927-4BD4-964D-A9072D742C6C}.AppStore|iPhoneSimulator.ActiveCfg = AppStore|iPhoneSimulator
		{AF51F623-D927-4BD4-964D-A9072D742C6C}.AppStore|iPhoneSimulator.Build.0 = AppStore|iPhoneSimulator
		{AF51F623-D927-4BD4-964D-A9072D742C6C}.Debug|Any CPU.ActiveCfg = Debug|iPhone
		{AF51F623-D927-4BD4-964D-A9072D742C6C}.Debug|iPhone.ActiveCfg = Debug|iPhone
		{AF51F623-D927-4BD4-964D-A9072D742C6C}.Debug|iPhone.Build.0 = Debug|iPhone
		{AF51F623-D927-4BD4-964D-A9072D742C6C}.Debug|iPhoneSimulator.ActiveCfg = Debug|iPhoneSimulator
		{AF51F623-D927-4BD4-964D-A9072D742C6C}.Debug|iPhoneSimulator.Build.0 = Debug|iPhoneSimulator
		{AF51F623-D927-4BD4-964D-A9072D742C6C}.Release|Any CPU.ActiveCfg = Release|iPhone
		{AF51F623-D927-4BD4-964D-A9072D742C6C}.Release|iPhone.ActiveCfg = Release|iPhone
		{AF51F623-D927-4BD4-964D-A9072D742C6C}.Release|iPhone.Build.0 = Release|iPhone
		{AF51F623-D927-4BD4-964D-A9072D742C6C}.Release|iPhoneSimulator.ActiveCfg = Release|iPhoneSimulator
		{AF51F623-D927-4BD4-964D-A9072D742C6C}.Release|iPhoneSimulator.Build.0 = Release|iPhoneSimulator
		{31787E9D-0FF1-4707-A64C-89948D2FDBB4}.Ad-Hoc|Any CPU.ActiveCfg = Debug|Any CPU
		{31787E9D-0FF1-4707-A64C-89948D2FDBB4}.Ad-Hoc|Any CPU.Build.0 = Debug|Any CPU
		{31787E9D-0FF1-4707-A64C-89948D2FDBB4}.Ad-Hoc|iPhone.ActiveCfg = Debug|Any CPU
		{31787E9D-0FF1-4707-A64C-89948D2FDBB4}.Ad-Hoc|iPhone.Build.0 = Debug|Any CPU
		{31787E9D-0FF1-4707-A64C-89948D2FDBB4}.Ad-Hoc|iPhoneSimulator.ActiveCfg = Debug|Any CPU
		{31787E9D-0FF1-4707-A64C-89948D2FDBB4}.Ad-Hoc|iPhoneSimulator.Build.0 = Debug|Any CPU
		{31787E9D-0FF1-4707-A64C-89948D2FDBB4}.AppStore|Any CPU.ActiveCfg = Debug|Any CPU
		{31787E9D-0FF1-4707-A64C-89948D2FDBB4}.AppStore|Any CPU.Build.0 = Debug|Any CPU
		{31787E9D-0FF1-4707-A64C-89948D2FDBB4}.AppStore|iPhone.ActiveCfg = Debug|Any CPU
		{31787E9D-0FF1-4707-A64C-89948D2FDBB4}.AppStore|iPhone.Build.0 = Debug|Any CPU
		{31787E9D-0FF1-4707-A64C-89948D2FDBB4}.AppStore|iPhoneSimulator.ActiveCfg = Debug|Any CPU
		{31787E9D-0FF1-4707-A64C-89948D2FDBB4}.AppStore|iPhoneSimulator.Build.0 = Debug|Any CPU
		{31787E9D-0FF1-4707-A64C-89948D2FDBB4}.Debug|Any CPU.ActiveCfg = Debug|Any CPU
		{31787E9D-0FF1-4707-A64C-89948D2FDBB4}.Debug|Any CPU.Build.0 = Debug|Any CPU
		{31787E9D-0FF1-4707-A64C-89948D2FDBB4}.Debug|iPhone.ActiveCfg = Debug|Any CPU
		{31787E9D-0FF1-4707-A64C-89948D2FDBB4}.Debug|iPhone.Build.0 = Debug|Any CPU
		{31787E9D-0FF1-4707-A64C-89948D2FDBB4}.Debug|iPhoneSimulator.ActiveCfg = Debug|Any CPU
		{31787E9D-0FF1-4707-A64C-89948D2FDBB4}.Debug|iPhoneSimulator.Build.0 = Debug|Any CPU
		{31787E9D-0FF1-4707-A64C-89948D2FDBB4}.Release|Any CPU.ActiveCfg = Release|Any CPU
		{31787E9D-0FF1-4707-A64C-89948D2FDBB4}.Release|Any CPU.Build.0 = Release|Any CPU
		{31787E9D-0FF1-4707-A64C-89948D2FDBB4}.Release|iPhone.ActiveCfg = Release|Any CPU
		{31787E9D-0FF1-4707-A64C-89948D2FDBB4}.Release|iPhone.Build.0 = Release|Any CPU
		{31787E9D-0FF1-4707-A64C-89948D2FDBB4}.Release|iPhoneSimulator.ActiveCfg = Release|Any CPU
		{31787E9D-0FF1-4707-A64C-89948D2FDBB4}.Release|iPhoneSimulator.Build.0 = Release|Any CPU
	EndGlobalSection
	GlobalSection(SolutionProperties) = preSolution
		HideSolutionNode = FALSE
	EndGlobalSection
	GlobalSection(ExtensibilityGlobals) = postSolution
		SolutionGuid = {BCF005D1-3CA7-46B2-A9DF-84B436AFB4A1}
	EndGlobalSection
EndGlobal
